
Microsoft Visual Studio Solution File, Format Version 12.00
# Visual Studio 14
VisualStudioVersion = 14.0.25123.0
MinimumVisualStudioVersion = 10.0.40219.1
Project("{FAE04EC0-301F-11D3-BF4B-00C04F79EFBC}") = "App1.Droid", "App1\App1.Droid\App1.Droid.csproj", "{A1F52DAB-F19A-4F5C-81F0-2BEB1533976B}"
EndProject
Project("{FAE04EC0-301F-11D3-BF4B-00C04F79EFBC}") = "App1.iOS", "App1\App1.iOS\App1.iOS.csproj", "{151D02ED-323B-4ABE-892C-995D9250BB3F}"
EndProject
Project("{FAE04EC0-301F-11D3-BF4B-00C04F79EFBC}") = "App1.WinPhone", "App1\App1.WinPhone\App1.WinPhone.csproj", "{77FDD516-E73B-4C9E-998A-743FDAFBFCF0}"
EndProject
Project("{FAE04EC0-301F-11D3-BF4B-00C04F79EFBC}") = "App1.Windows", "App1\App1.Windows\App1.Windows.csproj", "{6ED5AE60-5001-41F2-99DA-66EB5BB88328}"
EndProject
Project("{FAE04EC0-301F-11D3-BF4B-00C04F79EFBC}") = "App1", "App1\App1\App1.csproj", "{5B35B294-A14D-4CA1-A096-2DC8FD4696A2}"
EndProject
Global
	GlobalSection(SolutionConfigurationPlatforms) = preSolution
		Ad-Hoc|Any CPU = Ad-Hoc|Any CPU
		Ad-Hoc|ARM = Ad-Hoc|ARM
		Ad-Hoc|iPhone = Ad-Hoc|iPhone
		Ad-Hoc|iPhoneSimulator = Ad-Hoc|iPhoneSimulator
		Ad-Hoc|x64 = Ad-Hoc|x64
		Ad-Hoc|x86 = Ad-Hoc|x86
		AppStore|Any CPU = AppStore|Any CPU
		AppStore|ARM = AppStore|ARM
		AppStore|iPhone = AppStore|iPhone
		AppStore|iPhoneSimulator = AppStore|iPhoneSimulator
		AppStore|x64 = AppStore|x64
		AppStore|x86 = AppStore|x86
		Debug|Any CPU = Debug|Any CPU
		Debug|ARM = Debug|ARM
		Debug|iPhone = Debug|iPhone
		Debug|iPhoneSimulator = Debug|iPhoneSimulator
		Debug|x64 = Debug|x64
		Debug|x86 = Debug|x86
		Release|Any CPU = Release|Any CPU
		Release|ARM = Release|ARM
		Release|iPhone = Release|iPhone
		Release|iPhoneSimulator = Release|iPhoneSimulator
		Release|x64 = Release|x64
		Release|x86 = Release|x86
	EndGlobalSection
	GlobalSection(ProjectConfigurationPlatforms) = postSolution
		{A1F52DAB-F19A-4F5C-81F0-2BEB1533976B}.Ad-Hoc|Any CPU.ActiveCfg = Release|Any CPU
		{A1F52DAB-F19A-4F5C-81F0-2BEB1533976B}.Ad-Hoc|Any CPU.Build.0 = Release|Any CPU
		{A1F52DAB-F19A-4F5C-81F0-2BEB1533976B}.Ad-Hoc|Any CPU.Deploy.0 = Release|Any CPU
		{A1F52DAB-F19A-4F5C-81F0-2BEB1533976B}.Ad-Hoc|ARM.ActiveCfg = Release|Any CPU
		{A1F52DAB-F19A-4F5C-81F0-2BEB1533976B}.Ad-Hoc|ARM.Build.0 = Release|Any CPU
		{A1F52DAB-F19A-4F5C-81F0-2BEB1533976B}.Ad-Hoc|ARM.Deploy.0 = Release|Any CPU
		{A1F52DAB-F19A-4F5C-81F0-2BEB1533976B}.Ad-Hoc|iPhone.ActiveCfg = Release|Any CPU
		{A1F52DAB-F19A-4F5C-81F0-2BEB1533976B}.Ad-Hoc|iPhone.Build.0 = Release|Any CPU
		{A1F52DAB-F19A-4F5C-81F0-2BEB1533976B}.Ad-Hoc|iPhone.Deploy.0 = Release|Any CPU
		{A1F52DAB-F19A-4F5C-81F0-2BEB1533976B}.Ad-Hoc|iPhoneSimulator.ActiveCfg = Release|Any CPU
		{A1F52DAB-F19A-4F5C-81F0-2BEB1533976B}.Ad-Hoc|iPhoneSimulator.Build.0 = Release|Any CPU
		{A1F52DAB-F19A-4F5C-81F0-2BEB1533976B}.Ad-Hoc|iPhoneSimulator.Deploy.0 = Release|Any CPU
		{A1F52DAB-F19A-4F5C-81F0-2BEB1533976B}.Ad-Hoc|x64.ActiveCfg = Release|Any CPU
		{A1F52DAB-F19A-4F5C-81F0-2BEB1533976B}.Ad-Hoc|x64.Build.0 = Release|Any CPU
		{A1F52DAB-F19A-4F5C-81F0-2BEB1533976B}.Ad-Hoc|x64.Deploy.0 = Release|Any CPU
		{A1F52DAB-F19A-4F5C-81F0-2BEB1533976B}.Ad-Hoc|x86.ActiveCfg = Release|Any CPU
		{A1F52DAB-F19A-4F5C-81F0-2BEB1533976B}.Ad-Hoc|x86.Build.0 = Release|Any CPU
		{A1F52DAB-F19A-4F5C-81F0-2BEB1533976B}.Ad-Hoc|x86.Deploy.0 = Release|Any CPU
		{A1F52DAB-F19A-4F5C-81F0-2BEB1533976B}.AppStore|Any CPU.ActiveCfg = Release|Any CPU
		{A1F52DAB-F19A-4F5C-81F0-2BEB1533976B}.AppStore|Any CPU.Build.0 = Release|Any CPU
		{A1F52DAB-F19A-4F5C-81F0-2BEB1533976B}.AppStore|Any CPU.Deploy.0 = Release|Any CPU
		{A1F52DAB-F19A-4F5C-81F0-2BEB1533976B}.AppStore|ARM.ActiveCfg = Release|Any CPU
		{A1F52DAB-F19A-4F5C-81F0-2BEB1533976B}.AppStore|ARM.Build.0 = Release|Any CPU
		{A1F52DAB-F19A-4F5C-81F0-2BEB1533976B}.AppStore|ARM.Deploy.0 = Release|Any CPU
		{A1F52DAB-F19A-4F5C-81F0-2BEB1533976B}.AppStore|iPhone.ActiveCfg = Release|Any CPU
		{A1F52DAB-F19A-4F5C-81F0-2BEB1533976B}.AppStore|iPhone.Build.0 = Release|Any CPU
		{A1F52DAB-F19A-4F5C-81F0-2BEB1533976B}.AppStore|iPhone.Deploy.0 = Release|Any CPU
		{A1F52DAB-F19A-4F5C-81F0-2BEB1533976B}.AppStore|iPhoneSimulator.ActiveCfg = Release|Any CPU
		{A1F52DAB-F19A-4F5C-81F0-2BEB1533976B}.AppStore|iPhoneSimulator.Build.0 = Release|Any CPU
		{A1F52DAB-F19A-4F5C-81F0-2BEB1533976B}.AppStore|iPhoneSimulator.Deploy.0 = Release|Any CPU
		{A1F52DAB-F19A-4F5C-81F0-2BEB1533976B}.AppStore|x64.ActiveCfg = Release|Any CPU
		{A1F52DAB-F19A-4F5C-81F0-2BEB1533976B}.AppStore|x64.Build.0 = Release|Any CPU
		{A1F52DAB-F19A-4F5C-81F0-2BEB1533976B}.AppStore|x64.Deploy.0 = Release|Any CPU
		{A1F52DAB-F19A-4F5C-81F0-2BEB1533976B}.AppStore|x86.ActiveCfg = Release|Any CPU
		{A1F52DAB-F19A-4F5C-81F0-2BEB1533976B}.AppStore|x86.Build.0 = Release|Any CPU
		{A1F52DAB-F19A-4F5C-81F0-2BEB1533976B}.AppStore|x86.Deploy.0 = Release|Any CPU
		{A1F52DAB-F19A-4F5C-81F0-2BEB1533976B}.Debug|Any CPU.ActiveCfg = Debug|Any CPU
		{A1F52DAB-F19A-4F5C-81F0-2BEB1533976B}.Debug|Any CPU.Build.0 = Debug|Any CPU
		{A1F52DAB-F19A-4F5C-81F0-2BEB1533976B}.Debug|Any CPU.Deploy.0 = Debug|Any CPU
		{A1F52DAB-F19A-4F5C-81F0-2BEB1533976B}.Debug|ARM.ActiveCfg = Debug|Any CPU
		{A1F52DAB-F19A-4F5C-81F0-2BEB1533976B}.Debug|ARM.Build.0 = Debug|Any CPU
		{A1F52DAB-F19A-4F5C-81F0-2BEB1533976B}.Debug|ARM.Deploy.0 = Debug|Any CPU
		{A1F52DAB-F19A-4F5C-81F0-2BEB1533976B}.Debug|iPhone.ActiveCfg = Debug|Any CPU
		{A1F52DAB-F19A-4F5C-81F0-2BEB1533976B}.Debug|iPhone.Build.0 = Debug|Any CPU
		{A1F52DAB-F19A-4F5C-81F0-2BEB1533976B}.Debug|iPhone.Deploy.0 = Debug|Any CPU
		{A1F52DAB-F19A-4F5C-81F0-2BEB1533976B}.Debug|iPhoneSimulator.ActiveCfg = Debug|Any CPU
		{A1F52DAB-F19A-4F5C-81F0-2BEB1533976B}.Debug|iPhoneSimulator.Build.0 = Debug|Any CPU
		{A1F52DAB-F19A-4F5C-81F0-2BEB1533976B}.Debug|iPhoneSimulator.Deploy.0 = Debug|Any CPU
		{A1F52DAB-F19A-4F5C-81F0-2BEB1533976B}.Debug|x64.ActiveCfg = Debug|Any CPU
		{A1F52DAB-F19A-4F5C-81F0-2BEB1533976B}.Debug|x64.Build.0 = Debug|Any CPU
		{A1F52DAB-F19A-4F5C-81F0-2BEB1533976B}.Debug|x64.Deploy.0 = Debug|Any CPU
		{A1F52DAB-F19A-4F5C-81F0-2BEB1533976B}.Debug|x86.ActiveCfg = Debug|Any CPU
		{A1F52DAB-F19A-4F5C-81F0-2BEB1533976B}.Debug|x86.Build.0 = Debug|Any CPU
		{A1F52DAB-F19A-4F5C-81F0-2BEB1533976B}.Debug|x86.Deploy.0 = Debug|Any CPU
		{A1F52DAB-F19A-4F5C-81F0-2BEB1533976B}.Release|Any CPU.ActiveCfg = Release|Any CPU
		{A1F52DAB-F19A-4F5C-81F0-2BEB1533976B}.Release|Any CPU.Build.0 = Release|Any CPU
		{A1F52DAB-F19A-4F5C-81F0-2BEB1533976B}.Release|Any CPU.Deploy.0 = Release|Any CPU
		{A1F52DAB-F19A-4F5C-81F0-2BEB1533976B}.Release|ARM.ActiveCfg = Release|Any CPU
		{A1F52DAB-F19A-4F5C-81F0-2BEB1533976B}.Release|ARM.Build.0 = Release|Any CPU
		{A1F52DAB-F19A-4F5C-81F0-2BEB1533976B}.Release|ARM.Deploy.0 = Release|Any CPU
		{A1F52DAB-F19A-4F5C-81F0-2BEB1533976B}.Release|iPhone.ActiveCfg = Release|Any CPU
		{A1F52DAB-F19A-4F5C-81F0-2BEB1533976B}.Release|iPhone.Build.0 = Release|Any CPU
		{A1F52DAB-F19A-4F5C-81F0-2BEB1533976B}.Release|iPhone.Deploy.0 = Release|Any CPU
		{A1F52DAB-F19A-4F5C-81F0-2BEB1533976B}.Release|iPhoneSimulator.ActiveCfg = Release|Any CPU
		{A1F52DAB-F19A-4F5C-81F0-2BEB1533976B}.Release|iPhoneSimulator.Build.0 = Release|Any CPU
		{A1F52DAB-F19A-4F5C-81F0-2BEB1533976B}.Release|iPhoneSimulator.Deploy.0 = Release|Any CPU
		{A1F52DAB-F19A-4F5C-81F0-2BEB1533976B}.Release|x64.ActiveCfg = Release|Any CPU
		{A1F52DAB-F19A-4F5C-81F0-2BEB1533976B}.Release|x64.Build.0 = Release|Any CPU
		{A1F52DAB-F19A-4F5C-81F0-2BEB1533976B}.Release|x64.Deploy.0 = Release|Any CPU
		{A1F52DAB-F19A-4F5C-81F0-2BEB1533976B}.Release|x86.ActiveCfg = Release|Any CPU
		{A1F52DAB-F19A-4F5C-81F0-2BEB1533976B}.Release|x86.Build.0 = Release|Any CPU
		{A1F52DAB-F19A-4F5C-81F0-2BEB1533976B}.Release|x86.Deploy.0 = Release|Any CPU
		{151D02ED-323B-4ABE-892C-995D9250BB3F}.Ad-Hoc|Any CPU.ActiveCfg = Ad-Hoc|iPhone
		{151D02ED-323B-4ABE-892C-995D9250BB3F}.Ad-Hoc|ARM.ActiveCfg = Ad-Hoc|iPhone
		{151D02ED-323B-4ABE-892C-995D9250BB3F}.Ad-Hoc|iPhone.ActiveCfg = Ad-Hoc|iPhone
		{151D02ED-323B-4ABE-892C-995D9250BB3F}.Ad-Hoc|iPhone.Build.0 = Ad-Hoc|iPhone
		{151D02ED-323B-4ABE-892C-995D9250BB3F}.Ad-Hoc|iPhoneSimulator.ActiveCfg = Ad-Hoc|iPhoneSimulator
		{151D02ED-323B-4ABE-892C-995D9250BB3F}.Ad-Hoc|iPhoneSimulator.Build.0 = Ad-Hoc|iPhoneSimulator
		{151D02ED-323B-4ABE-892C-995D9250BB3F}.Ad-Hoc|x64.ActiveCfg = Ad-Hoc|iPhone
		{151D02ED-323B-4ABE-892C-995D9250BB3F}.Ad-Hoc|x86.ActiveCfg = Ad-Hoc|iPhone
		{151D02ED-323B-4ABE-892C-995D9250BB3F}.AppStore|Any CPU.ActiveCfg = AppStore|iPhone
		{151D02ED-323B-4ABE-892C-995D9250BB3F}.AppStore|ARM.ActiveCfg = AppStore|iPhone
		{151D02ED-323B-4ABE-892C-995D9250BB3F}.AppStore|iPhone.ActiveCfg = AppStore|iPhone
		{151D02ED-323B-4ABE-892C-995D9250BB3F}.AppStore|iPhone.Build.0 = AppStore|iPhone
		{151D02ED-323B-4ABE-892C-995D9250BB3F}.AppStore|iPhoneSimulator.ActiveCfg = AppStore|iPhoneSimulator
		{151D02ED-323B-4ABE-892C-995D9250BB3F}.AppStore|iPhoneSimulator.Build.0 = AppStore|iPhoneSimulator
		{151D02ED-323B-4ABE-892C-995D9250BB3F}.AppStore|x64.ActiveCfg = AppStore|iPhone
		{151D02ED-323B-4ABE-892C-995D9250BB3F}.AppStore|x86.ActiveCfg = AppStore|iPhone
		{151D02ED-323B-4ABE-892C-995D9250BB3F}.Debug|Any CPU.ActiveCfg = Debug|iPhone
		{151D02ED-323B-4ABE-892C-995D9250BB3F}.Debug|ARM.ActiveCfg = Debug|iPhone
		{151D02ED-323B-4ABE-892C-995D9250BB3F}.Debug|iPhone.ActiveCfg = Debug|iPhone
		{151D02ED-323B-4ABE-892C-995D9250BB3F}.Debug|iPhone.Build.0 = Debug|iPhone
		{151D02ED-323B-4ABE-892C-995D9250BB3F}.Debug|iPhoneSimulator.ActiveCfg = Debug|iPhoneSimulator
		{151D02ED-323B-4ABE-892C-995D9250BB3F}.Debug|iPhoneSimulator.Build.0 = Debug|iPhoneSimulator
		{151D02ED-323B-4ABE-892C-995D9250BB3F}.Debug|x64.ActiveCfg = Debug|iPhone
		{151D02ED-323B-4ABE-892C-995D9250BB3F}.Debug|x86.ActiveCfg = Debug|iPhone
		{151D02ED-323B-4ABE-892C-995D9250BB3F}.Release|Any CPU.ActiveCfg = Release|iPhone
		{151D02ED-323B-4ABE-892C-995D9250BB3F}.Release|ARM.ActiveCfg = Release|iPhone
		{151D02ED-323B-4ABE-892C-995D9250BB3F}.Release|iPhone.ActiveCfg = Release|iPhone
		{151D02ED-323B-4ABE-892C-995D9250BB3F}.Release|iPhone.Build.0 = Release|iPhone
		{151D02ED-323B-4ABE-892C-995D9250BB3F}.Release|iPhoneSimulator.ActiveCfg = Release|iPhoneSimulator
		{151D02ED-323B-4ABE-892C-995D9250BB3F}.Release|iPhoneSimulator.Build.0 = Release|iPhoneSimulator
		{151D02ED-323B-4ABE-892C-995D9250BB3F}.Release|x64.ActiveCfg = Release|iPhone
		{151D02ED-323B-4ABE-892C-995D9250BB3F}.Release|x86.ActiveCfg = Release|iPhone
		{77FDD516-E73B-4C9E-998A-743FDAFBFCF0}.Ad-Hoc|Any CPU.ActiveCfg = Release|Any CPU
		{77FDD516-E73B-4C9E-998A-743FDAFBFCF0}.Ad-Hoc|Any CPU.Build.0 = Release|Any CPU
		{77FDD516-E73B-4C9E-998A-743FDAFBFCF0}.Ad-Hoc|Any CPU.Deploy.0 = Release|Any CPU
		{77FDD516-E73B-4C9E-998A-743FDAFBFCF0}.Ad-Hoc|ARM.ActiveCfg = Release|ARM
		{77FDD516-E73B-4C9E-998A-743FDAFBFCF0}.Ad-Hoc|ARM.Build.0 = Release|ARM
		{77FDD516-E73B-4C9E-998A-743FDAFBFCF0}.Ad-Hoc|ARM.Deploy.0 = Release|ARM
		{77FDD516-E73B-4C9E-998A-743FDAFBFCF0}.Ad-Hoc|iPhone.ActiveCfg = Release|Any CPU
		{77FDD516-E73B-4C9E-998A-743FDAFBFCF0}.Ad-Hoc|iPhone.Build.0 = Release|Any CPU
		{77FDD516-E73B-4C9E-998A-743FDAFBFCF0}.Ad-Hoc|iPhone.Deploy.0 = Release|Any CPU
		{77FDD516-E73B-4C9E-998A-743FDAFBFCF0}.Ad-Hoc|iPhoneSimulator.ActiveCfg = Release|Any CPU
		{77FDD516-E73B-4C9E-998A-743FDAFBFCF0}.Ad-Hoc|iPhoneSimulator.Build.0 = Release|Any CPU
		{77FDD516-E73B-4C9E-998A-743FDAFBFCF0}.Ad-Hoc|iPhoneSimulator.Deploy.0 = Release|Any CPU
		{77FDD516-E73B-4C9E-998A-743FDAFBFCF0}.Ad-Hoc|x64.ActiveCfg = Release|Any CPU
		{77FDD516-E73B-4C9E-998A-743FDAFBFCF0}.Ad-Hoc|x64.Build.0 = Release|Any CPU
		{77FDD516-E73B-4C9E-998A-743FDAFBFCF0}.Ad-Hoc|x64.Deploy.0 = Release|Any CPU
		{77FDD516-E73B-4C9E-998A-743FDAFBFCF0}.Ad-Hoc|x86.ActiveCfg = Release|x86
		{77FDD516-E73B-4C9E-998A-743FDAFBFCF0}.Ad-Hoc|x86.Build.0 = Release|x86
		{77FDD516-E73B-4C9E-998A-743FDAFBFCF0}.Ad-Hoc|x86.Deploy.0 = Release|x86
		{77FDD516-E73B-4C9E-998A-743FDAFBFCF0}.AppStore|Any CPU.ActiveCfg = Release|Any CPU
		{77FDD516-E73B-4C9E-998A-743FDAFBFCF0}.AppStore|Any CPU.Build.0 = Release|Any CPU
		{77FDD516-E73B-4C9E-998A-743FDAFBFCF0}.AppStore|Any CPU.Deploy.0 = Release|Any CPU
		{77FDD516-E73B-4C9E-998A-743FDAFBFCF0}.AppStore|ARM.ActiveCfg = Release|ARM
		{77FDD516-E73B-4C9E-998A-743FDAFBFCF0}.AppStore|ARM.Build.0 = Release|ARM
		{77FDD516-E73B-4C9E-998A-743FDAFBFCF0}.AppStore|ARM.Deploy.0 = Release|ARM
		{77FDD516-E73B-4C9E-998A-743FDAFBFCF0}.AppStore|iPhone.ActiveCfg = Release|Any CPU
		{77FDD516-E73B-4C9E-998A-743FDAFBFCF0}.AppStore|iPhone.Build.0 = Release|Any CPU
		{77FDD516-E73B-4C9E-998A-743FDAFBFCF0}.AppStore|iPhone.Deploy.0 = Release|Any CPU
		{77FDD516-E73B-4C9E-998A-743FDAFBFCF0}.AppStore|iPhoneSimulator.ActiveCfg = Release|Any CPU
		{77FDD516-E73B-4C9E-998A-743FDAFBFCF0}.AppStore|iPhoneSimulator.Build.0 = Release|Any CPU
		{77FDD516-E73B-4C9E-998A-743FDAFBFCF0}.AppStore|iPhoneSimulator.Deploy.0 = Release|Any CPU
		{77FDD516-E73B-4C9E-998A-743FDAFBFCF0}.AppStore|x64.ActiveCfg = Release|Any CPU
		{77FDD516-E73B-4C9E-998A-743FDAFBFCF0}.AppStore|x64.Build.0 = Release|Any CPU
		{77FDD516-E73B-4C9E-998A-743FDAFBFCF0}.AppStore|x64.Deploy.0 = Release|Any CPU
		{77FDD516-E73B-4C9E-998A-743FDAFBFCF0}.AppStore|x86.ActiveCfg = Release|x86
		{77FDD516-E73B-4C9E-998A-743FDAFBFCF0}.AppStore|x86.Build.0 = Release|x86
		{77FDD516-E73B-4C9E-998A-743FDAFBFCF0}.AppStore|x86.Deploy.0 = Release|x86
		{77FDD516-E73B-4C9E-998A-743FDAFBFCF0}.Debug|Any CPU.ActiveCfg = Debug|Any CPU
		{77FDD516-E73B-4C9E-998A-743FDAFBFCF0}.Debug|Any CPU.Build.0 = Debug|Any CPU
		{77FDD516-E73B-4C9E-998A-743FDAFBFCF0}.Debug|Any CPU.Deploy.0 = Debug|Any CPU
		{77FDD516-E73B-4C9E-998A-743FDAFBFCF0}.Debug|ARM.ActiveCfg = Debug|ARM
		{77FDD516-E73B-4C9E-998A-743FDAFBFCF0}.Debug|ARM.Build.0 = Debug|ARM
		{77FDD516-E73B-4C9E-998A-743FDAFBFCF0}.Debug|ARM.Deploy.0 = Debug|ARM
		{77FDD516-E73B-4C9E-998A-743FDAFBFCF0}.Debug|iPhone.ActiveCfg = Debug|Any CPU
		{77FDD516-E73B-4C9E-998A-743FDAFBFCF0}.Debug|iPhone.Build.0 = Debug|Any CPU
		{77FDD516-E73B-4C9E-998A-743FDAFBFCF0}.Debug|iPhone.Deploy.0 = Debug|Any CPU
		{77FDD516-E73B-4C9E-998A-743FDAFBFCF0}.Debug|iPhoneSimulator.ActiveCfg = Debug|Any CPU
		{77FDD516-E73B-4C9E-998A-743FDAFBFCF0}.Debug|iPhoneSimulator.Build.0 = Debug|Any CPU
		{77FDD516-E73B-4C9E-998A-743FDAFBFCF0}.Debug|iPhoneSimulator.Deploy.0 = Debug|Any CPU
		{77FDD516-E73B-4C9E-998A-743FDAFBFCF0}.Debug|x64.ActiveCfg = Debug|Any CPU
		{77FDD516-E73B-4C9E-998A-743FDAFBFCF0}.Debug|x64.Build.0 = Debug|Any CPU
		{77FDD516-E73B-4C9E-998A-743FDAFBFCF0}.Debug|x64.Deploy.0 = Debug|Any CPU
		{77FDD516-E73B-4C9E-998A-743FDAFBFCF0}.Debug|x86.ActiveCfg = Debug|x86
		{77FDD516-E73B-4C9E-998A-743FDAFBFCF0}.Debug|x86.Build.0 = Debug|x86
		{77FDD516-E73B-4C9E-998A-743FDAFBFCF0}.Debug|x86.Deploy.0 = Debug|x86
		{77FDD516-E73B-4C9E-998A-743FDAFBFCF0}.Release|Any CPU.ActiveCfg = Release|Any CPU
		{77FDD516-E73B-4C9E-998A-743FDAFBFCF0}.Release|Any CPU.Build.0 = Release|Any CPU
		{77FDD516-E73B-4C9E-998A-743FDAFBFCF0}.Release|Any CPU.Deploy.0 = Release|Any CPU
		{77FDD516-E73B-4C9E-998A-743FDAFBFCF0}.Release|ARM.ActiveCfg = Release|ARM
		{77FDD516-E73B-4C9E-998A-743FDAFBFCF0}.Release|ARM.Build.0 = Release|ARM
		{77FDD516-E73B-4C9E-998A-743FDAFBFCF0}.Release|ARM.Deploy.0 = Release|ARM
		{77FDD516-E73B-4C9E-998A-743FDAFBFCF0}.Release|iPhone.ActiveCfg = Release|Any CPU
		{77FDD516-E73B-4C9E-998A-743FDAFBFCF0}.Release|iPhone.Build.0 = Release|Any CPU
		{77FDD516-E73B-4C9E-998A-743FDAFBFCF0}.Release|iPhone.Deploy.0 = Release|Any CPU
		{77FDD516-E73B-4C9E-998A-743FDAFBFCF0}.Release|iPhoneSimulator.ActiveCfg = Release|Any CPU
		{77FDD516-E73B-4C9E-998A-743FDAFBFCF0}.Release|iPhoneSimulator.Build.0 = Release|Any CPU
		{77FDD516-E73B-4C9E-998A-743FDAFBFCF0}.Release|iPhoneSimulator.Deploy.0 = Release|Any CPU
		{77FDD516-E73B-4C9E-998A-743FDAFBFCF0}.Release|x64.ActiveCfg = Release|Any CPU
		{77FDD516-E73B-4C9E-998A-743FDAFBFCF0}.Release|x64.Build.0 = Release|Any CPU
		{77FDD516-E73B-4C9E-998A-743FDAFBFCF0}.Release|x64.Deploy.0 = Release|Any CPU
		{77FDD516-E73B-4C9E-998A-743FDAFBFCF0}.Release|x86.ActiveCfg = Release|x86
		{77FDD516-E73B-4C9E-998A-743FDAFBFCF0}.Release|x86.Build.0 = Release|x86
		{77FDD516-E73B-4C9E-998A-743FDAFBFCF0}.Release|x86.Deploy.0 = Release|x86
		{6ED5AE60-5001-41F2-99DA-66EB5BB88328}.Ad-Hoc|Any CPU.ActiveCfg = Release|Any CPU
		{6ED5AE60-5001-41F2-99DA-66EB5BB88328}.Ad-Hoc|Any CPU.Build.0 = Release|Any CPU
		{6ED5AE60-5001-41F2-99DA-66EB5BB88328}.Ad-Hoc|Any CPU.Deploy.0 = Release|Any CPU
		{6ED5AE60-5001-41F2-99DA-66EB5BB88328}.Ad-Hoc|ARM.ActiveCfg = Release|ARM
		{6ED5AE60-5001-41F2-99DA-66EB5BB88328}.Ad-Hoc|ARM.Build.0 = Release|ARM
		{6ED5AE60-5001-41F2-99DA-66EB5BB88328}.Ad-Hoc|ARM.Deploy.0 = Release|ARM
		{6ED5AE60-5001-41F2-99DA-66EB5BB88328}.Ad-Hoc|iPhone.ActiveCfg = Release|Any CPU
		{6ED5AE60-5001-41F2-99DA-66EB5BB88328}.Ad-Hoc|iPhone.Build.0 = Release|Any CPU
		{6ED5AE60-5001-41F2-99DA-66EB5BB88328}.Ad-Hoc|iPhone.Deploy.0 = Release|Any CPU
		{6ED5AE60-5001-41F2-99DA-66EB5BB88328}.Ad-Hoc|iPhoneSimulator.ActiveCfg = Release|Any CPU
		{6ED5AE60-5001-41F2-99DA-66EB5BB88328}.Ad-Hoc|iPhoneSimulator.Build.0 = Release|Any CPU
		{6ED5AE60-5001-41F2-99DA-66EB5BB88328}.Ad-Hoc|iPhoneSimulator.Deploy.0 = Release|Any CPU
		{6ED5AE60-5001-41F2-99DA-66EB5BB88328}.Ad-Hoc|x64.ActiveCfg = Release|x64
		{6ED5AE60-5001-41F2-99DA-66EB5BB88328}.Ad-Hoc|x64.Build.0 = Release|x64
		{6ED5AE60-5001-41F2-99DA-66EB5BB88328}.Ad-Hoc|x64.Deploy.0 = Release|x64
		{6ED5AE60-5001-41F2-99DA-66EB5BB88328}.Ad-Hoc|x86.ActiveCfg = Release|x86
		{6ED5AE60-5001-41F2-99DA-66EB5BB88328}.Ad-Hoc|x86.Build.0 = Release|x86
		{6ED5AE60-5001-41F2-99DA-66EB5BB88328}.Ad-Hoc|x86.Deploy.0 = Release|x86
		{6ED5AE60-5001-41F2-99DA-66EB5BB88328}.AppStore|Any CPU.ActiveCfg = Release|Any CPU
		{6ED5AE60-5001-41F2-99DA-66EB5BB88328}.AppStore|Any CPU.Build.0 = Release|Any CPU
		{6ED5AE60-5001-41F2-99DA-66EB5BB88328}.AppStore|Any CPU.Deploy.0 = Release|Any CPU
		{6ED5AE60-5001-41F2-99DA-66EB5BB88328}.AppStore|ARM.ActiveCfg = Release|ARM
		{6ED5AE60-5001-41F2-99DA-66EB5BB88328}.AppStore|ARM.Build.0 = Release|ARM
		{6ED5AE60-5001-41F2-99DA-66EB5BB88328}.AppStore|ARM.Deploy.0 = Release|ARM
		{6ED5AE60-5001-41F2-99DA-66EB5BB88328}.AppStore|iPhone.ActiveCfg = Release|Any CPU
		{6ED5AE60-5001-41F2-99DA-66EB5BB88328}.AppStore|iPhone.Build.0 = Release|Any CPU
		{6ED5AE60-5001-41F2-99DA-66EB5BB88328}.AppStore|iPhone.Deploy.0 = Release|Any CPU
		{6ED5AE60-5001-41F2-99DA-66EB5BB88328}.AppStore|iPhoneSimulator.ActiveCfg = Release|Any CPU
		{6ED5AE60-5001-41F2-99DA-66EB5BB88328}.AppStore|iPhoneSimulator.Build.0 = Release|Any CPU
		{6ED5AE60-5001-41F2-99DA-66EB5BB88328}.AppStore|iPhoneSimulator.Deploy.0 = Release|Any CPU
		{6ED5AE60-5001-41F2-99DA-66EB5BB88328}.AppStore|x64.ActiveCfg = Release|x64
		{6ED5AE60-5001-41F2-99DA-66EB5BB88328}.AppStore|x64.Build.0 = Release|x64
		{6ED5AE60-5001-41F2-99DA-66EB5BB88328}.AppStore|x64.Deploy.0 = Release|x64
		{6ED5AE60-5001-41F2-99DA-66EB5BB88328}.AppStore|x86.ActiveCfg = Release|x86
		{6ED5AE60-5001-41F2-99DA-66EB5BB88328}.AppStore|x86.Build.0 = Release|x86
		{6ED5AE60-5001-41F2-99DA-66EB5BB88328}.AppStore|x86.Deploy.0 = Release|x86
		{6ED5AE60-5001-41F2-99DA-66EB5BB88328}.Debug|Any CPU.ActiveCfg = Debug|Any CPU
		{6ED5AE60-5001-41F2-99DA-66EB5BB88328}.Debug|Any CPU.Build.0 = Debug|Any CPU
		{6ED5AE60-5001-41F2-99DA-66EB5BB88328}.Debug|Any CPU.Deploy.0 = Debug|Any CPU
		{6ED5AE60-5001-41F2-99DA-66EB5BB88328}.Debug|ARM.ActiveCfg = Debug|ARM
		{6ED5AE60-5001-41F2-99DA-66EB5BB88328}.Debug|ARM.Build.0 = Debug|ARM
		{6ED5AE60-5001-41F2-99DA-66EB5BB88328}.Debug|ARM.Deploy.0 = Debug|ARM
		{6ED5AE60-5001-41F2-99DA-66EB5BB88328}.Debug|iPhone.ActiveCfg = Debug|Any CPU
		{6ED5AE60-5001-41F2-99DA-66EB5BB88328}.Debug|iPhone.Build.0 = Debug|Any CPU
		{6ED5AE60-5001-41F2-99DA-66EB5BB88328}.Debug|iPhone.Deploy.0 = Debug|Any CPU
		{6ED5AE60-5001-41F2-99DA-66EB5BB88328}.Debug|iPhoneSimulator.ActiveCfg = Debug|Any CPU
		{6ED5AE60-5001-41F2-99DA-66EB5BB88328}.Debug|iPhoneSimulator.Build.0 = Debug|Any CPU
		{6ED5AE60-5001-41F2-99DA-66EB5BB88328}.Debug|iPhoneSimulator.Deploy.0 = Debug|Any CPU
		{6ED5AE60-5001-41F2-99DA-66EB5BB88328}.Debug|x64.ActiveCfg = Debug|x64
		{6ED5AE60-5001-41F2-99DA-66EB5BB88328}.Debug|x64.Build.0 = Debug|x64
		{6ED5AE60-5001-41F2-99DA-66EB5BB88328}.Debug|x64.Deploy.0 = Debug|x64
		{6ED5AE60-5001-41F2-99DA-66EB5BB88328}.Debug|x86.ActiveCfg = Debug|x86
		{6ED5AE60-5001-41F2-99DA-66EB5BB88328}.Debug|x86.Build.0 = Debug|x86
		{6ED5AE60-5001-41F2-99DA-66EB5BB88328}.Debug|x86.Deploy.0 = Debug|x86
		{6ED5AE60-5001-41F2-99DA-66EB5BB88328}.Release|Any CPU.ActiveCfg = Release|Any CPU
		{6ED5AE60-5001-41F2-99DA-66EB5BB88328}.Release|Any CPU.Build.0 = Release|Any CPU
		{6ED5AE60-5001-41F2-99DA-66EB5BB88328}.Release|Any CPU.Deploy.0 = Release|Any CPU
		{6ED5AE60-5001-41F2-99DA-66EB5BB88328}.Release|ARM.ActiveCfg = Release|ARM
		{6ED5AE60-5001-41F2-99DA-66EB5BB88328}.Release|ARM.Build.0 = Release|ARM
		{6ED5AE60-5001-41F2-99DA-66EB5BB88328}.Release|ARM.Deploy.0 = Release|ARM
		{6ED5AE60-5001-41F2-99DA-66EB5BB88328}.Release|iPhone.ActiveCfg = Release|Any CPU
		{6ED5AE60-5001-41F2-99DA-66EB5BB88328}.Release|iPhone.Build.0 = Release|Any CPU
		{6ED5AE60-5001-41F2-99DA-66EB5BB88328}.Release|iPhone.Deploy.0 = Release|Any CPU
		{6ED5AE60-5001-41F2-99DA-66EB5BB88328}.Release|iPhoneSimulator.ActiveCfg = Release|Any CPU
		{6ED5AE60-5001-41F2-99DA-66EB5BB88328}.Release|iPhoneSimulator.Build.0 = Release|Any CPU
		{6ED5AE60-5001-41F2-99DA-66EB5BB88328}.Release|iPhoneSimulator.Deploy.0 = Release|Any CPU
		{6ED5AE60-5001-41F2-99DA-66EB5BB88328}.Release|x64.ActiveCfg = Release|x64
		{6ED5AE60-5001-41F2-99DA-66EB5BB88328}.Release|x64.Build.0 = Release|x64
		{6ED5AE60-5001-41F2-99DA-66EB5BB88328}.Release|x64.Deploy.0 = Release|x64
		{6ED5AE60-5001-41F2-99DA-66EB5BB88328}.Release|x86.ActiveCfg = Release|x86
		{6ED5AE60-5001-41F2-99DA-66EB5BB88328}.Release|x86.Build.0 = Release|x86
		{6ED5AE60-5001-41F2-99DA-66EB5BB88328}.Release|x86.Deploy.0 = Release|x86
		{5B35B294-A14D-4CA1-A096-2DC8FD4696A2}.Ad-Hoc|Any CPU.ActiveCfg = Release|Any CPU
		{5B35B294-A14D-4CA1-A096-2DC8FD4696A2}.Ad-Hoc|Any CPU.Build.0 = Release|Any CPU
		{5B35B294-A14D-4CA1-A096-2DC8FD4696A2}.Ad-Hoc|ARM.ActiveCfg = Release|Any CPU
		{5B35B294-A14D-4CA1-A096-2DC8FD4696A2}.Ad-Hoc|ARM.Build.0 = Release|Any CPU
		{5B35B294-A14D-4CA1-A096-2DC8FD4696A2}.Ad-Hoc|iPhone.ActiveCfg = Release|Any CPU
		{5B35B294-A14D-4CA1-A096-2DC8FD4696A2}.Ad-Hoc|iPhone.Build.0 = Release|Any CPU
		{5B35B294-A14D-4CA1-A096-2DC8FD4696A2}.Ad-Hoc|iPhoneSimulator.ActiveCfg = Release|Any CPU
		{5B35B294-A14D-4CA1-A096-2DC8FD4696A2}.Ad-Hoc|iPhoneSimulator.Build.0 = Release|Any CPU
		{5B35B294-A14D-4CA1-A096-2DC8FD4696A2}.Ad-Hoc|x64.ActiveCfg = Release|Any CPU
		{5B35B294-A14D-4CA1-A096-2DC8FD4696A2}.Ad-Hoc|x64.Build.0 = Release|Any CPU
		{5B35B294-A14D-4CA1-A096-2DC8FD4696A2}.Ad-Hoc|x86.ActiveCfg = Release|Any CPU
		{5B35B294-A14D-4CA1-A096-2DC8FD4696A2}.Ad-Hoc|x86.Build.0 = Release|Any CPU
		{5B35B294-A14D-4CA1-A096-2DC8FD4696A2}.AppStore|Any CPU.ActiveCfg = Release|Any CPU
		{5B35B294-A14D-4CA1-A096-2DC8FD4696A2}.AppStore|Any CPU.Build.0 = Release|Any CPU
		{5B35B294-A14D-4CA1-A096-2DC8FD4696A2}.AppStore|ARM.ActiveCfg = Release|Any CPU
		{5B35B294-A14D-4CA1-A096-2DC8FD4696A2}.AppStore|ARM.Build.0 = Release|Any CPU
		{5B35B294-A14D-4CA1-A096-2DC8FD4696A2}.AppStore|iPhone.ActiveCfg = Release|Any CPU
		{5B35B294-A14D-4CA1-A096-2DC8FD4696A2}.AppStore|iPhone.Build.0 = Release|Any CPU
		{5B35B294-A14D-4CA1-A096-2DC8FD4696A2}.AppStore|iPhoneSimulator.ActiveCfg = Release|Any CPU
		{5B35B294-A14D-4CA1-A096-2DC8FD4696A2}.AppStore|iPhoneSimulator.Build.0 = Release|Any CPU
		{5B35B294-A14D-4CA1-A096-2DC8FD4696A2}.AppStore|x64.ActiveCfg = Release|Any CPU
		{5B35B294-A14D-4CA1-A096-2DC8FD4696A2}.AppStore|x64.Build.0 = Release|Any CPU
		{5B35B294-A14D-4CA1-A096-2DC8FD4696A2}.AppStore|x86.ActiveCfg = Release|Any CPU
		{5B35B294-A14D-4CA1-A096-2DC8FD4696A2}.AppStore|x86.Build.0 = Release|Any CPU
		{5B35B294-A14D-4CA1-A096-2DC8FD4696A2}.Debug|Any CPU.ActiveCfg = Debug|Any CPU
		{5B35B294-A14D-4CA1-A096-2DC8FD4696A2}.Debug|Any CPU.Build.0 = Debug|Any CPU
		{5B35B294-A14D-4CA1-A096-2DC8FD4696A2}.Debug|ARM.ActiveCfg = Debug|Any CPU
		{5B35B294-A14D-4CA1-A096-2DC8FD4696A2}.Debug|ARM.Build.0 = Debug|Any CPU
		{5B35B294-A14D-4CA1-A096-2DC8FD4696A2}.Debug|iPhone.ActiveCfg = Debug|Any CPU
		{5B35B294-A14D-4CA1-A096-2DC8FD4696A2}.Debug|iPhone.Build.0 = Debug|Any CPU
		{5B35B294-A14D-4CA1-A096-2DC8FD4696A2}.Debug|iPhoneSimulator.ActiveCfg = Debug|Any CPU
		{5B35B294-A14D-4CA1-A096-2DC8FD4696A2}.Debug|iPhoneSimulator.Build.0 = Debug|Any CPU
		{5B35B294-A14D-4CA1-A096-2DC8FD4696A2}.Debug|x64.ActiveCfg = Debug|Any CPU
		{5B35B294-A14D-4CA1-A096-2DC8FD4696A2}.Debug|x64.Build.0 = Debug|Any CPU
		{5B35B294-A14D-4CA1-A096-2DC8FD4696A2}.Debug|x86.ActiveCfg = Debug|Any CPU
		{5B35B294-A14D-4CA1-A096-2DC8FD4696A2}.Debug|x86.Build.0 = Debug|Any CPU
		{5B35B294-A14D-4CA1-A096-2DC8FD4696A2}.Release|Any CPU.ActiveCfg = Release|Any CPU
		{5B35B294-A14D-4CA1-A096-2DC8FD4696A2}.Release|Any CPU.Build.0 = Release|Any CPU
		{5B35B294-A14D-4CA1-A096-2DC8FD4696A2}.Release|ARM.ActiveCfg = Release|Any CPU
		{5B35B294-A14D-4CA1-A096-2DC8FD4696A2}.Release|ARM.Build.0 = Release|Any CPU
		{5B35B294-A14D-4CA1-A096-2DC8FD4696A2}.Release|iPhone.ActiveCfg = Release|Any CPU
		{5B35B294-A14D-4CA1-A096-2DC8FD4696A2}.Release|iPhone.Build.0 = Release|Any CPU
		{5B35B294-A14D-4CA1-A096-2DC8FD4696A2}.Release|iPhoneSimulator.ActiveCfg = Release|Any CPU
		{5B35B294-A14D-4CA1-A096-2DC8FD4696A2}.Release|iPhoneSimulator.Build.0 = Release|Any CPU
		{5B35B294-A14D-4CA1-A096-2DC8FD4696A2}.Release|x64.ActiveCfg = Release|Any CPU
		{5B35B294-A14D-4CA1-A096-2DC8FD4696A2}.Release|x64.Build.0 = Release|Any CPU
		{5B35B294-A14D-4CA1-A096-2DC8FD4696A2}.Release|x86.ActiveCfg = Release|Any CPU
		{5B35B294-A14D-4CA1-A096-2DC8FD4696A2}.Release|x86.Build.0 = Release|Any CPU
	EndGlobalSection
	GlobalSection(SolutionProperties) = preSolution
		HideSolutionNode = FALSE
	EndGlobalSection
EndGlobal
